// !$*UTF8*$!
{
	archiveVersion = 1;
	classes = {
	};
	objectVersion = 46;
	objects = {

/* Begin PBXBuildFile section */
		CE6681F01C53BFAF00B4C69C /* FlickrViewController.m in Sources */ = {isa = PBXBuildFile; fileRef = CE6681EF1C53BFAF00B4C69C /* FlickrViewController.m */; };
		CE6681F31C54034E00B4C69C /* DetailsViewController.m in Sources */ = {isa = PBXBuildFile; fileRef = CE6681F21C54034E00B4C69C /* DetailsViewController.m */; };
		CE7B15241C4EBFF600BD0D36 /* TableViewCell.m in Sources */ = {isa = PBXBuildFile; fileRef = CE7B15231C4EBFF600BD0D36 /* TableViewCell.m */; };
		CEA63FF41C4A91F200124A8A /* main.m in Sources */ = {isa = PBXBuildFile; fileRef = CEA63FF31C4A91F200124A8A /* main.m */; };
		CEA63FF71C4A91F200124A8A /* AppDelegate.m in Sources */ = {isa = PBXBuildFile; fileRef = CEA63FF61C4A91F200124A8A /* AppDelegate.m */; };
		CEA63FFA1C4A91F200124A8A /* ViewController.m in Sources */ = {isa = PBXBuildFile; fileRef = CEA63FF91C4A91F200124A8A /* ViewController.m */; };
		CEA63FFD1C4A91F200124A8A /* Main.storyboard in Resources */ = {isa = PBXBuildFile; fileRef = CEA63FFB1C4A91F200124A8A /* Main.storyboard */; };
		CEA63FFF1C4A91F200124A8A /* Assets.xcassets in Resources */ = {isa = PBXBuildFile; fileRef = CEA63FFE1C4A91F200124A8A /* Assets.xcassets */; };
		CEA640021C4A91F200124A8A /* LaunchScreen.storyboard in Resources */ = {isa = PBXBuildFile; fileRef = CEA640001C4A91F200124A8A /* LaunchScreen.storyboard */; };
		CEA6400A1C4A965900124A8A /* Social.framework in Frameworks */ = {isa = PBXBuildFile; fileRef = CEA640091C4A965900124A8A /* Social.framework */; };
		CED9D5231C4BD198001A6864 /* Accounts.framework in Frameworks */ = {isa = PBXBuildFile; fileRef = CED9D5221C4BD198001A6864 /* Accounts.framework */; };
/* End PBXBuildFile section */

/* Begin PBXFileReference section */
		CE6681EE1C53BFAF00B4C69C /* FlickrViewController.h */ = {isa = PBXFileReference; fileEncoding = 4; lastKnownFileType = sourcecode.c.h; path = FlickrViewController.h; sourceTree = "<group>"; };
		CE6681EF1C53BFAF00B4C69C /* FlickrViewController.m */ = {isa = PBXFileReference; fileEncoding = 4; lastKnownFileType = sourcecode.c.objc; path = FlickrViewController.m; sourceTree = "<group>"; };
		CE6681F11C54034E00B4C69C /* DetailsViewController.h */ = {isa = PBXFileReference; fileEncoding = 4; lastKnownFileType = sourcecode.c.h; path = DetailsViewController.h; sourceTree = "<group>"; };
		CE6681F21C54034E00B4C69C /* DetailsViewController.m */ = {isa = PBXFileReference; fileEncoding = 4; lastKnownFileType = sourcecode.c.objc; path = DetailsViewController.m; sourceTree = "<group>"; };
		CE7B15221C4EBFF600BD0D36 /* TableViewCell.h */ = {isa = PBXFileReference; fileEncoding = 4; lastKnownFileType = sourcecode.c.h; path = TableViewCell.h; sourceTree = "<group>"; };
		CE7B15231C4EBFF600BD0D36 /* TableViewCell.m */ = {isa = PBXFileReference; fileEncoding = 4; lastKnownFileType = sourcecode.c.objc; path = TableViewCell.m; sourceTree = "<group>"; };
		CEA63FEF1C4A91F200124A8A /* SocialSharing.app */ = {isa = PBXFileReference; explicitFileType = wrapper.application; includeInIndex = 0; path = SocialSharing.app; sourceTree = BUILT_PRODUCTS_DIR; };
		CEA63FF31C4A91F200124A8A /* main.m */ = {isa = PBXFileReference; lastKnownFileType = sourcecode.c.objc; path = main.m; sourceTree = "<group>"; };
		CEA63FF51C4A91F200124A8A /* AppDelegate.h */ = {isa = PBXFileReference; lastKnownFileType = sourcecode.c.h; path = AppDelegate.h; sourceTree = "<group>"; };
		CEA63FF61C4A91F200124A8A /* AppDelegate.m */ = {isa = PBXFileReference; lastKnownFileType = sourcecode.c.objc; path = AppDelegate.m; sourceTree = "<group>"; };
		CEA63FF81C4A91F200124A8A /* ViewController.h */ = {isa = PBXFileReference; lastKnownFileType = sourcecode.c.h; path = ViewController.h; sourceTree = "<group>"; };
		CEA63FF91C4A91F200124A8A /* ViewController.m */ = {isa = PBXFileReference; lastKnownFileType = sourcecode.c.objc; path = ViewController.m; sourceTree = "<group>"; };
		CEA63FFC1C4A91F200124A8A /* Base */ = {isa = PBXFileReference; lastKnownFileType = file.storyboard; name = Base; path = Base.lproj/Main.storyboard; sourceTree = "<group>"; };
		CEA63FFE1C4A91F200124A8A /* Assets.xcassets */ = {isa = PBXFileReference; lastKnownFileType = folder.assetcatalog; path = Assets.xcassets; sourceTree = "<group>"; };
		CEA640011C4A91F200124A8A /* Base */ = {isa = PBXFileReference; lastKnownFileType = file.storyboard; name = Base; path = Base.lproj/LaunchScreen.storyboard; sourceTree = "<group>"; };
		CEA640031C4A91F200124A8A /* Info.plist */ = {isa = PBXFileReference; lastKnownFileType = text.plist.xml; path = Info.plist; sourceTree = "<group>"; };
		CEA640091C4A965900124A8A /* Social.framework */ = {isa = PBXFileReference; lastKnownFileType = wrapper.framework; name = Social.framework; path = System/Library/Frameworks/Social.framework; sourceTree = SDKROOT; };
		CED9D5221C4BD198001A6864 /* Accounts.framework */ = {isa = PBXFileReference; lastKnownFileType = wrapper.framework; name = Accounts.framework; path = System/Library/Frameworks/Accounts.framework; sourceTree = SDKROOT; };
/* End PBXFileReference section */

/* Begin PBXFrameworksBuildPhase section */
		CEA63FEC1C4A91F200124A8A /* Frameworks */ = {
			isa = PBXFrameworksBuildPhase;
			buildActionMask = 2147483647;
			files = (
				CED9D5231C4BD198001A6864 /* Accounts.framework in Frameworks */,
				CEA6400A1C4A965900124A8A /* Social.framework in Frameworks */,
			);
			runOnlyForDeploymentPostprocessing = 0;
		};
/* End PBXFrameworksBuildPhase section */

/* Begin PBXGroup section */
		CEA63FE61C4A91F200124A8A = {
			isa = PBXGroup;
			children = (
				CED9D5221C4BD198001A6864 /* Accounts.framework */,
				CEA640091C4A965900124A8A /* Social.framework */,
				CEA63FF11C4A91F200124A8A /* SocialSharing */,
				CEA63FF01C4A91F200124A8A /* Products */,
			);
			sourceTree = "<group>";
		};
		CEA63FF01C4A91F200124A8A /* Products */ = {
			isa = PBXGroup;
			children = (
				CEA63FEF1C4A91F200124A8A /* SocialSharing.app */,
			);
			name = Products;
			sourceTree = "<group>";
		};
		CEA63FF11C4A91F200124A8A /* SocialSharing */ = {
			isa = PBXGroup;
			children = (
				CEA63FF51C4A91F200124A8A /* AppDelegate.h */,
				CEA63FF61C4A91F200124A8A /* AppDelegate.m */,
				CEA63FF81C4A91F200124A8A /* ViewController.h */,
				CEA63FF91C4A91F200124A8A /* ViewController.m */,
				CEA63FFB1C4A91F200124A8A /* Main.storyboard */,
				CEA63FFE1C4A91F200124A8A /* Assets.xcassets */,
				CEA640001C4A91F200124A8A /* LaunchScreen.storyboard */,
				CEA640031C4A91F200124A8A /* Info.plist */,
				CEA63FF21C4A91F200124A8A /* Supporting Files */,
				CE7B15221C4EBFF600BD0D36 /* TableViewCell.h */,
				CE7B15231C4EBFF600BD0D36 /* TableViewCell.m */,
				CE6681EE1C53BFAF00B4C69C /* FlickrViewController.h */,
				CE6681EF1C53BFAF00B4C69C /* FlickrViewController.m */,
				CE6681F11C54034E00B4C69C /* DetailsViewController.h */,
				CE6681F21C54034E00B4C69C /* DetailsViewController.m */,
			);
			path = SocialSharing;
			sourceTree = "<group>";
		};
		CEA63FF21C4A91F200124A8A /* Supporting Files */ = {
			isa = PBXGroup;
			children = (
				CEA63FF31C4A91F200124A8A /* main.m */,
			);
			name = "Supporting Files";
			sourceTree = "<group>";
		};
/* End PBXGroup section */

/* Begin PBXNativeTarget section */
		CEA63FEE1C4A91F200124A8A /* SocialSharing */ = {
			isa = PBXNativeTarget;
			buildConfigurationList = CEA640061C4A91F200124A8A /* Build configuration list for PBXNativeTarget "SocialSharing" */;
			buildPhases = (
				CEA63FEB1C4A91F200124A8A /* Sources */,
				CEA63FEC1C4A91F200124A8A /* Frameworks */,
				CEA63FED1C4A91F200124A8A /* Resources */,
			);
			buildRules = (
			);
			dependencies = (
			);
			name = SocialSharing;
			productName = SocialSharing;
			productReference = CEA63FEF1C4A91F200124A8A /* SocialSharing.app */;
			productType = "com.apple.product-type.application";
		};
/* End PBXNativeTarget section */

/* Begin PBXProject section */
		CEA63FE71C4A91F200124A8A /* Project object */ = {
			isa = PBXProject;
			attributes = {
				LastUpgradeCheck = 0710;
				ORGANIZATIONNAME = Appcoda;
				TargetAttributes = {
					CEA63FEE1C4A91F200124A8A = {
						CreatedOnToolsVersion = 7.1.1;
						DevelopmentTeam = 43XGGKF2LL;
					};
				};
			};
			buildConfigurationList = CEA63FEA1C4A91F200124A8A /* Build configuration list for PBXProject "SocialSharing" */;
			compatibilityVersion = "Xcode 3.2";
			developmentRegion = English;
			hasScannedForEncodings = 0;
			knownRegions = (
				en,
				Base,
			);
			mainGroup = CEA63FE61C4A91F200124A8A;
			productRefGroup = CEA63FF01C4A91F200124A8A /* Products */;
			projectDirPath = "";
			projectRoot = "";
			targets = (
				CEA63FEE1C4A91F200124A8A /* SocialSharing */,
			);
		};
/* End PBXProject section */

/* Begin PBXResourcesBuildPhase section */
		CEA63FED1C4A91F200124A8A /* Resources */ = {
			isa = PBXResourcesBuildPhase;
			buildActionMask = 2147483647;
			files = (
				CEA640021C4A91F200124A8A /* LaunchScreen.storyboard in Resources */,
				CEA63FFF1C4A91F200124A8A /* Assets.xcassets in Resources */,
				CEA63FFD1C4A91F200124A8A /* Main.storyboard in Resources */,
			);
			runOnlyForDeploymentPostprocessing = 0;
		};
/* End PBXResourcesBuildPhase section */

/* Begin PBXSourcesBuildPhase section */
		CEA63FEB1C4A91F200124A8A /* Sources */ = {
			isa = PBXSourcesBuildPhase;
			buildActionMask = 2147483647;
			files = (
				CEA63FFA1C4A91F200124A8A /* ViewController.m in Sources */,
				CE6681F01C53BFAF00B4C69C /* FlickrViewController.m in Sources */,
				CEA63FF71C4A91F200124A8A /* AppDelegate.m in Sources */,
				CE6681F31C54034E00B4C69C /* DetailsViewController.m in Sources */,
				CE7B15241C4EBFF600BD0D36 /* TableViewCell.m in Sources */,
				CEA63FF41C4A91F200124A8A /* main.m in Sources */,
			);
			runOnlyForDeploymentPostprocessing = 0;
		};
/* End PBXSourcesBuildPhase section */

/* Begin PBXVariantGroup section */
		CEA63FFB1C4A91F200124A8A /* Main.storyboard */ = {
			isa = PBXVariantGroup;
			children = (
				CEA63FFC1C4A91F200124A8A /* Base */,
			);
			name = Main.storyboard;
			sourceTree = "<group>";
		};
		CEA640001C4A91F200124A8A /* LaunchScreen.storyboard */ = {
			isa = PBXVariantGroup;
			children = (
				CEA640011C4A91F200124A8A /* Base */,
			);
			name = LaunchScreen.storyboard;
			sourceTree = "<group>";
		};
/* End PBXVariantGroup section */

/* Begin XCBuildConfiguration section */
		CEA640041C4A91F200124A8A /* Debug */ = {
			isa = XCBuildConfiguration;
			buildSettings = {
				ALWAYS_SEARCH_USER_PATHS = NO;
				CLANG_CXX_LANGUAGE_STANDARD = "gnu++0x";
				CLANG_CXX_LIBRARY = "libc++";
				CLANG_ENABLE_MODULES = YES;
				CLANG_ENABLE_OBJC_ARC = YES;
				CLANG_WARN_BOOL_CONVERSION = YES;
				CLANG_WARN_CONSTANT_CONVERSION = YES;
				CLANG_WARN_DIRECT_OBJC_ISA_USAGE = YES_ERROR;
				CLANG_WARN_EMPTY_BODY = YES;
				CLANG_WARN_ENUM_CONVERSION = YES;
				CLANG_WARN_INT_CONVERSION = YES;
				CLANG_WARN_OBJC_ROOT_CLASS = YES_ERROR;
				CLANG_WARN_UNREACHABLE_CODE = YES;
				CLANG_WARN__DUPLICATE_METHOD_MATCH = YES;
				"CODE_SIGN_IDENTITY[sdk=iphoneos*]" = "iPhone Developer";
				COPY_PHASE_STRIP = NO;
				DEBUG_INFORMATION_FORMAT = dwarf;
				ENABLE_STRICT_OBJC_MSGSEND = YES;
				ENABLE_TESTABILITY = YES;
				GCC_C_LANGUAGE_STANDARD = gnu99;
				GCC_DYNAMIC_NO_PIC = NO;
				GCC_NO_COMMON_BLOCKS = YES;
				GCC_OPTIMIZATION_LEVEL = 0;
				GCC_PREPROCESSOR_DEFINITIONS = (
					"DEBUG=1",
					"$(inherited)",
				);
				GCC_WARN_64_TO_32_BIT_CONVERSION = YES;
				GCC_WARN_ABOUT_RETURN_TYPE = YES_ERROR;
				GCC_WARN_UNDECLARED_SELECTOR = YES;
				GCC_WARN_UNINITIALIZED_AUTOS = YES_AGGRESSIVE;
				GCC_WARN_UNUSED_FUNCTION = YES;
				GCC_WARN_UNUSED_VARIABLE = YES;
				IPHONEOS_DEPLOYMENT_TARGET = 9.1;
				MTL_ENABLE_DEBUG_INFO = YES;
				ONLY_ACTIVE_ARCH = YES;
				SDKROOT = iphoneos;
			};
			name = Debug;
		};
		CEA640051C4A91F200124A8A /* Release */ = {
			isa = XCBuildConfiguration;
			buildSettings = {
				ALWAYS_SEARCH_USER_PATHS = NO;
				CLANG_CXX_LANGUAGE_STANDARD = "gnu++0x";
				CLANG_CXX_LIBRARY = "libc++";
				CLANG_ENABLE_MODULES = YES;
				CLANG_ENABLE_OBJC_ARC = YES;
				CLANG_WARN_BOOL_CONVERSION = YES;
				CLANG_WARN_CONSTANT_CONVERSION = YES;
				CLANG_WARN_DIRECT_OBJC_ISA_USAGE = YES_ERROR;
				CLANG_WARN_EMPTY_BODY = YES;
				CLANG_WARN_ENUM_CONVERSION = YES;
				CLANG_WARN_INT_CONVERSION = YES;
				CLANG_WARN_OBJC_ROOT_CLASS = YES_ERROR;
				CLANG_WARN_UNREACHABLE_CODE = YES;
				CLANG_WARN__DUPLICATE_METHOD_MATCH = YES;
				"CODE_SIGN_IDENTITY[sdk=iphoneos*]" = "iPhone Developer";
				COPY_PHASE_STRIP = NO;
				DEBUG_INFORMATION_FORMAT = "dwarf-with-dsym";
				ENABLE_NS_ASSERTIONS = NO;
				ENABLE_STRICT_OBJC_MSGSEND = YES;
				GCC_C_LANGUAGE_STANDARD = gnu99;
				GCC_NO_COMMON_BLOCKS = YES;
				GCC_WARN_64_TO_32_BIT_CONVERSION = YES;
				GCC_WARN_ABOUT_RETURN_TYPE = YES_ERROR;
				GCC_WARN_UNDECLARED_SELECTOR = YES;
				GCC_WARN_UNINITIALIZED_AUTOS = YES_AGGRESSIVE;
				GCC_WARN_UNUSED_FUNCTION = YES;
				GCC_WARN_UNUSED_VARIABLE = YES;
				IPHONEOS_DEPLOYMENT_TARGET = 9.1;
				MTL_ENABLE_DEBUG_INFO = NO;
				SDKROOT = iphoneos;
				VALIDATE_PRODUCT = YES;
			};
			name = Release;
		};
		CEA640071C4A91F200124A8A /* Debug */ = {
			isa = XCBuildConfiguration;
			buildSettings = {
				ASSETCATALOG_COMPILER_APPICON_NAME = AppIcon;
				INFOPLIST_FILE = SocialSharing/Info.plist;
				LD_RUNPATH_SEARCH_PATHS = "$(inherited) @executable_path/Frameworks";
				PRODUCT_BUNDLE_IDENTIFIER = edu.self.SocialSharing;
				PRODUCT_NAME = "$(TARGET_NAME)";
			};
			name = Debug;
		};
		CEA640081C4A91F200124A8A /* Release */ = {
			isa = XCBuildConfiguration;
			buildSettings = {
				ASSETCATALOG_COMPILER_APPICON_NAME = AppIcon;
				INFOPLIST_FILE = SocialSharing/Info.plist;
				LD_RUNPATH_SEARCH_PATHS = "$(inherited) @executable_path/Frameworks";
				PRODUCT_BUNDLE_IDENTIFIER = edu.self.SocialSharing;
				PRODUCT_NAME = "$(TARGET_NAME)";
			};
			name = Release;
		};
/* End XCBuildConfiguration section */

/* Begin XCConfigurationList section */
		CEA63FEA1C4A91F200124A8A /* Build configuration list for PBXProject "SocialSharing" */ = {
			isa = XCConfigurationList;
			buildConfigurations = (
				CEA640041C4A91F200124A8A /* Debug */,
				CEA640051C4A91F200124A8A /* Release */,
			);
			defaultConfigurationIsVisible = 0;
			defaultConfigurationName = Release;
		};
		CEA640061C4A91F200124A8A /* Build configuration list for PBXNativeTarget "SocialSharing" */ = {
			isa = XCConfigurationList;
			buildConfigurations = (
				CEA640071C4A91F200124A8A /* Debug */,
				CEA640081C4A91F200124A8A /* Release */,
			);
			defaultConfigurationIsVisible = 0;
			defaultConfigurationName = Release;
		};
/* End XCConfigurationList section */
	};
	rootObject = CEA63FE71C4A91F200124A8A /* Project object */;
}
